
Microsoft Visual Studio Solution File, Format Version 12.00
# Visual Studio 14
VisualStudioVersion = 14.0.25420.1
MinimumVisualStudioVersion = 10.0.40219.1
Project("{FAE04EC0-301F-11D3-BF4B-00C04F79EFBC}") = "IGAL", "IGAL\IGAL.csproj", "{3E085F2A-688C-40F3-8949-212C04FC78D0}"
EndProject
Project("{FAE04EC0-301F-11D3-BF4B-00C04F79EFBC}") = "Core", "Core\Core.csproj", "{CFA4FE64-BABD-4C78-B878-1564AB89B582}"
EndProject
Project("{E24C65DC-7377-472B-9ABA-BC803B73C61A}") = "docs", "docs\", "{0A4C2FA1-E632-4F3D-82D4-DCD279FBA433}"
	ProjectSection(WebsiteProperties) = preProject
		TargetFrameworkMoniker = ".NETFramework,Version%3Dv4.5"
		Debug.AspNetCompiler.VirtualPath = "/localhost_59785"
		Debug.AspNetCompiler.PhysicalPath = "docs\"
		Debug.AspNetCompiler.TargetPath = "PrecompiledWeb\localhost_59785\"
		Debug.AspNetCompiler.Updateable = "true"
		Debug.AspNetCompiler.ForceOverwrite = "true"
		Debug.AspNetCompiler.FixedNames = "false"
		Debug.AspNetCompiler.Debug = "True"
		Release.AspNetCompiler.VirtualPath = "/localhost_59785"
		Release.AspNetCompiler.PhysicalPath = "docs\"
		Release.AspNetCompiler.TargetPath = "PrecompiledWeb\localhost_59785\"
		Release.AspNetCompiler.Updateable = "true"
		Release.AspNetCompiler.ForceOverwrite = "true"
		Release.AspNetCompiler.FixedNames = "false"
		Release.AspNetCompiler.Debug = "False"
		VWDPort = "59785"
		SlnRelativePath = "docs\"
	EndProjectSection
EndProject
Project("{FAE04EC0-301F-11D3-BF4B-00C04F79EFBC}") = "Problems", "Problems\Problems.csproj", "{B49C3EA5-5768-4844-A834-FCF09A94B399}"
EndProject
Global
	GlobalSection(SolutionConfigurationPlatforms) = preSolution
		Debug|Any CPU = Debug|Any CPU
		Release|Any CPU = Release|Any CPU
	EndGlobalSection
	GlobalSection(ProjectConfigurationPlatforms) = postSolution
		{3E085F2A-688C-40F3-8949-212C04FC78D0}.Debug|Any CPU.ActiveCfg = Debug|Any CPU
		{3E085F2A-688C-40F3-8949-212C04FC78D0}.Debug|Any CPU.Build.0 = Debug|Any CPU
		{3E085F2A-688C-40F3-8949-212C04FC78D0}.Release|Any CPU.ActiveCfg = Release|Any CPU
		{3E085F2A-688C-40F3-8949-212C04FC78D0}.Release|Any CPU.Build.0 = Release|Any CPU
		{CFA4FE64-BABD-4C78-B878-1564AB89B582}.Debug|Any CPU.ActiveCfg = Debug|Any CPU
		{CFA4FE64-BABD-4C78-B878-1564AB89B582}.Debug|Any CPU.Build.0 = Debug|Any CPU
		{CFA4FE64-BABD-4C78-B878-1564AB89B582}.Release|Any CPU.ActiveCfg = Release|Any CPU
		{CFA4FE64-BABD-4C78-B878-1564AB89B582}.Release|Any CPU.Build.0 = Release|Any CPU
		{0A4C2FA1-E632-4F3D-82D4-DCD279FBA433}.Debug|Any CPU.ActiveCfg = Debug|Any CPU
		{0A4C2FA1-E632-4F3D-82D4-DCD279FBA433}.Debug|Any CPU.Build.0 = Debug|Any CPU
		{0A4C2FA1-E632-4F3D-82D4-DCD279FBA433}.Release|Any CPU.ActiveCfg = Debug|Any CPU
		{0A4C2FA1-E632-4F3D-82D4-DCD279FBA433}.Release|Any CPU.Build.0 = Debug|Any CPU
		{B49C3EA5-5768-4844-A834-FCF09A94B399}.Debug|Any CPU.ActiveCfg = Debug|Any CPU
		{B49C3EA5-5768-4844-A834-FCF09A94B399}.Debug|Any CPU.Build.0 = Debug|Any CPU
		{B49C3EA5-5768-4844-A834-FCF09A94B399}.Release|Any CPU.ActiveCfg = Release|Any CPU
		{B49C3EA5-5768-4844-A834-FCF09A94B399}.Release|Any CPU.Build.0 = Release|Any CPU
	EndGlobalSection
	GlobalSection(SolutionProperties) = preSolution
		HideSolutionNode = FALSE
	EndGlobalSection
EndGlobal
